# THIS IS AN AUTOGENERATED FILE. DO NOT EDIT THIS FILE DIRECTLY.
# yarn lockfile v1


create-next-app@^13.0.4:
  version "13.0.4"
  resolved "https://registry.yarnpkg.com/create-next-app/-/create-next-app-13.0.4.tgz#c01aa3df0f204295dc3630355aead8a160d51be3"
  integrity sha512-N1xjOqtVSNhtAHgA7o08+bi2131ofdjQWk63hZYws+054tvM4vpt1IVNPXYGx5yRU90aBWHOreGRM2/W6xfUNg==
