# THIS IS AN AUTOGENERATED FILE. DO NOT EDIT THIS FILE DIRECTLY.
# yarn lockfile v1


create-next-app@^13.0.5:
  version "13.0.5"
  resolved "https://registry.yarnpkg.com/create-next-app/-/create-next-app-13.0.5.tgz#74354a66fece4be19ec49fec98328259a4273df1"
  integrity sha512-RNfjMJR1tq9T92oc0tPK2dV6RmF310SVAF/69/0dMgZy7YI+aV9m+CS03IZ8Hw+Jq2iYGiiF0wVJc9ua/mSYow==
