# THIS IS AN AUTOGENERATED FILE. DO NOT EDIT THIS FILE DIRECTLY.
# yarn lockfile v1


create-next-app@^13.0.7:
  version "13.0.7"
  resolved "https://registry.yarnpkg.com/create-next-app/-/create-next-app-13.0.7.tgz#2be829988bc318ec486b95c638790e13d6275490"
  integrity sha512-A7TumVcTXH9bqnvGnBj649PKS7QfzRs/BcYQOtlLiAxLeQyO7WFIkj220/MrBZKf9VCAsgH3lWWNO24LlccF8g==
